
Microsoft Visual Studio Solution File, Format Version 12.00
# Visual Studio Version 17
VisualStudioVersion = 17.14.36301.6 d17.14
MinimumVisualStudioVersion = 10.0.40219.1
Project("{FAE04EC0-301F-11D3-BF4B-00C04F79EFBC}") = "SalesWebMvc", "SalesWebMvc\SalesWebMvc.csproj", "{C0BF8552-CB6A-41CC-BEA1-7C321AC2A7B9}"
EndProject
Global
	GlobalSection(SolutionConfigurationPlatforms) = preSolution
		Debug|Any CPU = Debug|Any CPU
		Release|Any CPU = Release|Any CPU
	EndGlobalSection
	GlobalSection(ProjectConfigurationPlatforms) = postSolution
		{C0BF8552-CB6A-41CC-BEA1-7C321AC2A7B9}.Debug|Any CPU.ActiveCfg = Debug|Any CPU
		{C0BF8552-CB6A-41CC-BEA1-7C321AC2A7B9}.Debug|Any CPU.Build.0 = Debug|Any CPU
		{C0BF8552-CB6A-41CC-BEA1-7C321AC2A7B9}.Release|Any CPU.ActiveCfg = Release|Any CPU
		{C0BF8552-CB6A-41CC-BEA1-7C321AC2A7B9}.Release|Any CPU.Build.0 = Release|Any CPU
	EndGlobalSection
	GlobalSection(SolutionProperties) = preSolution
		HideSolutionNode = FALSE
	EndGlobalSection
	GlobalSection(ExtensibilityGlobals) = postSolution
		SolutionGuid = {5FE06D5A-135E-4752-87E6-ED25DE225769}
	EndGlobalSection
EndGlobal
